{
  "version": 4,
  "terraform_version": "1.9.5",
  "serial": 12,
  "lineage": "ee0abfe2-2f86-b049-1fc2-f6cdbce45cb9",
  "outputs": {
    "bq_dataset": {
      "value": "autolub_analytics",
      "type": "string"
    },
    "cloud_run_url": {
      "value": "https://autolub-enterprise-agent-s6clxpd5vq-rj.a.run.app",
      "type": "string"
    },
    "gcs_bucket": {
      "value": "autolub-docs-cool-ship-415013-e70bc92c",
      "type": "string"
    }
  },
  "resources": [
    {
      "mode": "managed",
      "type": "google_artifact_registry_repository",
      "name": "repo",
      "provider": "provider[\"registry.terraform.io/hashicorp/google\"]",
      "instances": [
        {
          "schema_version": 0,
          "attributes": {
            "cleanup_policies": [],
            "cleanup_policy_dry_run": false,
            "create_time": "2026-09-10T17:40:15.415409Z",
            "description": "Docker repository for AutoLub Demo",
            "docker_config": [],
            "effective_labels": {},
            "format": "DOCKER",
            "id": "projects/cool-ship-415013/locations/southamerica-east1/repositories/autolub-repo",
            "kms_key_name": "",
            "labels": {},
            "location": "southamerica-east1",
            "maven_config": [],
            "mode": "STANDARD_REPOSITORY",
            "name": "autolub-repo",
            "project": "cool-ship-415013",
            "remote_repository_config": [],
            "repository_id": "autolub-repo",
            "terraform_labels": {},
            "timeouts": null,
            "update_time": "2026-09-10T17:43:35.461216Z",
            "virtual_repository_config": []
          },
          "sensitive_attributes": [],
          "private": "eyJlMmJmYjczMC1lY2FhLTExZTYtOGY4OC0zNDM2M2JjN2M0YzAiOnsiY3JlYXRlIjoxMjAwMDAwMDAwMDAwLCJkZWxldGUiOjEyMDAwMDAwMDAwMDAsInVwZGF0ZSI6MTIwMDAwMDAwMDAwMH19",
          "dependencies": [
            "google_project_service.artifactregistry_api"
          ]
        }
      ]
    },
    {
      "mode": "managed",
      "type": "google_bigquery_dataset",
      "name": "analytics_dataset",
      "provider": "provider[\"registry.terraform.io/hashicorp/google\"]",
      "instances": [
        {
          "schema_version": 0,
          "attributes": {
            "access": [
              {
                "dataset": [],
                "domain": "",
                "group_by_email": "",
                "iam_member": "",
                "role": "OWNER",
                "routine": [],
                "special_group": "",
                "user_by_email": "admin@anselmodanilo.altostrat.com",
                "view": []
              },
              {
                "dataset": [],
                "domain": "",
                "group_by_email": "",
                "iam_member": "",
                "role": "OWNER",
                "routine": [],
                "special_group": "projectOwners",
                "user_by_email": "",
                "view": []
              },
              {
                "dataset": [],
                "domain": "",
                "group_by_email": "",
                "iam_member": "",
                "role": "READER",
                "routine": [],
                "special_group": "projectReaders",
                "user_by_email": "",
                "view": []
              },
              {
                "dataset": [],
                "domain": "",
                "group_by_email": "",
                "iam_member": "",
                "role": "WRITER",
                "routine": [],
                "special_group": "projectWriters",
                "user_by_email": "",
                "view": []
              }
            ],
            "creation_time": 1789062617615,
            "dataset_id": "autolub_analytics",
            "default_collation": "",
            "default_encryption_configuration": [],
            "default_partition_expiration_ms": 0,
            "default_table_expiration_ms": 0,
            "delete_contents_on_destroy": true,
            "description": "Dataset Real para análises do Grupo AutoLub",
            "effective_labels": {},
            "etag": "csi5Klqp2p1TZjUsuzRC7g==",
            "external_dataset_reference": [],
            "friendly_name": "AutoLub Analytics",
            "id": "projects/cool-ship-415013/datasets/autolub_analytics",
            "is_case_insensitive": false,
            "labels": null,
            "last_modified_time": 1789062617615,
            "location": "southamerica-east1",
            "max_time_travel_hours": "168",
            "project": "cool-ship-415013",
            "resource_tags": null,
            "self_link": "https://bigquery.googleapis.com/bigquery/v2/projects/cool-ship-415013/datasets/autolub_analytics",
            "storage_billing_model": "",
            "terraform_labels": {},
            "timeouts": null
          },
          "sensitive_attributes": [],
          "private": "eyJlMmJmYjczMC1lY2FhLTExZTYtOGY4OC0zNDM2M2JjN2M0YzAiOnsiY3JlYXRlIjoxMjAwMDAwMDAwMDAwLCJkZWxldGUiOjEyMDAwMDAwMDAwMDAsInVwZGF0ZSI6MTIwMDAwMDAwMDAwMH19"
        }
      ]
    },
    {
      "mode": "managed",
      "type": "google_bigquery_table",
      "name": "fact_vendas",
      "provider": "provider[\"registry.terraform.io/hashicorp/google\"]",
      "instances": [
        {
          "schema_version": 0,
          "attributes": {
            "allow_resource_tags_on_deletion": false,
            "clustering": null,
            "creation_time": 1789062620322,
            "dataset_id": "autolub_analytics",
            "deletion_protection": false,
            "description": "",
            "effective_labels": {},
            "encryption_configuration": [],
            "etag": "m72fwU6PB2+d91voNniKYg==",
            "expiration_time": 0,
            "external_data_configuration": [],
            "friendly_name": "",
            "id": "projects/cool-ship-415013/datasets/autolub_analytics/tables/fact_vendas_consolidadas",
            "labels": null,
            "last_modified_time": 1789062620390,
            "location": "southamerica-east1",
            "materialized_view": [],
            "max_staleness": "",
            "num_bytes": 0,
            "num_long_term_bytes": 0,
            "num_rows": 0,
            "project": "cool-ship-415013",
            "range_partitioning": [],
            "require_partition_filter": false,
            "resource_tags": null,
            "schema": "[{\"mode\":\"NULLABLE\",\"name\":\"mes_ano\",\"type\":\"STRING\"},{\"mode\":\"NULLABLE\",\"name\":\"trimestre\",\"type\":\"STRING\"},{\"mode\":\"NULLABLE\",\"name\":\"regiao\",\"type\":\"STRING\"},{\"mode\":\"NULLABLE\",\"name\":\"categoria_produto\",\"type\":\"STRING\"},{\"mode\":\"NULLABLE\",\"name\":\"volume_litros\",\"type\":\"FLOAT\"},{\"mode\":\"NULLABLE\",\"name\":\"faturamento_total\",\"type\":\"FLOAT\"},{\"mode\":\"NULLABLE\",\"name\":\"margem_media\",\"type\":\"FLOAT\"},{\"mode\":\"NULLABLE\",\"name\":\"qtd_pedidos\",\"type\":\"INTEGER\"}]",
            "self_link": "https://bigquery.googleapis.com/bigquery/v2/projects/cool-ship-415013/datasets/autolub_analytics/tables/fact_vendas_consolidadas",
            "table_constraints": [],
            "table_id": "fact_vendas_consolidadas",
            "table_replication_info": [],
            "terraform_labels": {},
            "time_partitioning": [],
            "type": "TABLE",
            "view": []
          },
          "sensitive_attributes": [],
          "private": "bnVsbA==",
          "dependencies": [
            "google_bigquery_dataset.analytics_dataset"
          ]
        }
      ]
    },
    {
      "mode": "managed",
      "type": "google_cloud_run_v2_service",
      "name": "default",
      "provider": "provider[\"registry.terraform.io/hashicorp/google\"]",
      "instances": [
        {
          "schema_version": 0,
          "attributes": {
            "annotations": {},
            "binary_authorization": [],
            "client": "gcloud",
            "client_version": "584.0.0",
            "conditions": [
              {
                "execution_reason": "",
                "last_transition_time": "2026-09-10T17:42:21.147694Z",
                "message": "",
                "reason": "",
                "revision_reason": "",
                "severity": "",
                "state": "CONDITION_SUCCEEDED",
                "type": "RoutesReady"
              },
              {
                "execution_reason": "",
                "last_transition_time": "2026-09-10T17:42:14.727523Z",
                "message": "",
                "reason": "",
                "revision_reason": "",
                "severity": "",
                "state": "CONDITION_SUCCEEDED",
                "type": "ConfigurationsReady"
              }
            ],
            "create_time": "2026-09-10T17:41:54.189464Z",
            "creator": "admin@anselmodanilo.altostrat.com",
            "custom_audiences": [],
            "delete_time": "",
            "description": "",
            "effective_annotations": {},
            "effective_labels": {},
            "etag": "\"COLXi9UGEMD7q1o/cHJvamVjdHMvY29vbC1zaGlwLTQxNTAxMy9sb2NhdGlvbnMvc291dGhhbWVyaWNhLWVhc3QxL3NlcnZpY2VzL2F1dG9sdWItZW50ZXJwcmlzZS1hZ2VudA\"",
            "expire_time": "",
            "generation": "1",
            "id": "projects/cool-ship-415013/locations/southamerica-east1/services/autolub-enterprise-agent",
            "ingress": "INGRESS_TRAFFIC_ALL",
            "labels": {},
            "last_modifier": "admin@anselmodanilo.altostrat.com",
            "latest_created_revision": "projects/cool-ship-415013/locations/southamerica-east1/services/autolub-enterprise-agent/revisions/autolub-enterprise-agent-00001-82s",
            "latest_ready_revision": "projects/cool-ship-415013/locations/southamerica-east1/services/autolub-enterprise-agent/revisions/autolub-enterprise-agent-00001-82s",
            "launch_stage": "GA",
            "location": "southamerica-east1",
            "name": "autolub-enterprise-agent",
            "observed_generation": "1",
            "project": "cool-ship-415013",
            "reconciling": false,
            "template": [
              {
                "annotations": {},
                "containers": [
                  {
                    "args": [],
                    "command": [],
                    "depends_on": [],
                    "env": [
                      {
                        "name": "PYTHONUNBUFFERED",
                        "value": "1",
                        "value_source": []
                      }
                    ],
                    "image": "southamerica-east1-docker.pkg.dev/cool-ship-415013/cloud-run-source-deploy/autolub-enterprise-agent@sha256:e06b5e96c5071ed265a4df214d9075267522b9967fcb84ebbdf3a16b4d5cee08",
                    "liveness_probe": [],
                    "name": "",
                    "ports": [
                      {
                        "container_port": 8080,
                        "name": "http1"
                      }
                    ],
                    "resources": [
                      {
                        "cpu_idle": true,
                        "limits": {
                          "cpu": "1",
                          "memory": "2Gi"
                        },
                        "startup_cpu_boost": true
                      }
                    ],
                    "startup_probe": [
                      {
                        "failure_threshold": 1,
                        "grpc": [],
                        "http_get": [],
                        "initial_delay_seconds": 0,
                        "period_seconds": 240,
                        "tcp_socket": [
                          {
                            "port": 8080
                          }
                        ],
                        "timeout_seconds": 240
                      }
                    ],
                    "volume_mounts": [],
                    "working_dir": ""
                  }
                ],
                "encryption_key": "",
                "execution_environment": "",
                "labels": {},
                "max_instance_request_concurrency": 80,
                "revision": "",
                "scaling": [],
                "service_account": "579724063812-compute@developer.gserviceaccount.com",
                "session_affinity": false,
                "timeout": "300s",
                "volumes": [],
                "vpc_access": []
              }
            ],
            "terminal_condition": [
              {
                "execution_reason": "",
                "last_transition_time": "2026-09-10T17:42:21.189843Z",
                "message": "",
                "reason": "",
                "revision_reason": "",
                "severity": "",
                "state": "CONDITION_SUCCEEDED",
                "type": "Ready"
              }
            ],
            "terraform_labels": {},
            "timeouts": null,
            "traffic": [
              {
                "percent": 100,
                "revision": "",
                "tag": "",
                "type": "TRAFFIC_TARGET_ALLOCATION_TYPE_LATEST"
              }
            ],
            "traffic_statuses": [
              {
                "percent": 100,
                "revision": "",
                "tag": "",
                "type": "TRAFFIC_TARGET_ALLOCATION_TYPE_LATEST",
                "uri": ""
              }
            ],
            "uid": "2f161aee-a636-4d4a-aaf9-30592af77b29",
            "update_time": "2026-09-10T17:41:54.189464Z",
            "uri": "https://autolub-enterprise-agent-s6clxpd5vq-rj.a.run.app"
          },
          "sensitive_attributes": [],
          "private": "eyJlMmJmYjczMC1lY2FhLTExZTYtOGY4OC0zNDM2M2JjN2M0YzAiOnsiY3JlYXRlIjoxMjAwMDAwMDAwMDAwLCJkZWxldGUiOjEyMDAwMDAwMDAwMDAsInVwZGF0ZSI6MTIwMDAwMDAwMDAwMH0sInNjaGVtYV92ZXJzaW9uIjoiMCJ9"
        }
      ]
    },
    {
      "mode": "managed",
      "type": "google_project_service",
      "name": "artifactregistry_api",
      "provider": "provider[\"registry.terraform.io/hashicorp/google\"]",
      "instances": [
        {
          "schema_version": 0,
          "attributes": {
            "disable_dependent_services": null,
            "disable_on_destroy": false,
            "id": "cool-ship-415013/artifactregistry.googleapis.com",
            "project": "cool-ship-415013",
            "service": "artifactregistry.googleapis.com",
            "timeouts": null
          },
          "sensitive_attributes": [],
          "private": "eyJlMmJmYjczMC1lY2FhLTExZTYtOGY4OC0zNDM2M2JjN2M0YzAiOnsiY3JlYXRlIjoxMjAwMDAwMDAwMDAwLCJkZWxldGUiOjEyMDAwMDAwMDAwMDAsInJlYWQiOjYwMDAwMDAwMDAwMCwidXBkYXRlIjoxMjAwMDAwMDAwMDAwfX0="
        }
      ]
    },
    {
      "mode": "managed",
      "type": "google_project_service",
      "name": "run_api",
      "provider": "provider[\"registry.terraform.io/hashicorp/google\"]",
      "instances": [
        {
          "schema_version": 0,
          "attributes": {
            "disable_dependent_services": null,
            "disable_on_destroy": false,
            "id": "cool-ship-415013/run.googleapis.com",
            "project": "cool-ship-415013",
            "service": "run.googleapis.com",
            "timeouts": null
          },
          "sensitive_attributes": [],
          "private": "eyJlMmJmYjczMC1lY2FhLTExZTYtOGY4OC0zNDM2M2JjN2M0YzAiOnsiY3JlYXRlIjoxMjAwMDAwMDAwMDAwLCJkZWxldGUiOjEyMDAwMDAwMDAwMDAsInJlYWQiOjYwMDAwMDAwMDAwMCwidXBkYXRlIjoxMjAwMDAwMDAwMDAwfX0="
        }
      ]
    },
    {
      "mode": "managed",
      "type": "google_project_service",
      "name": "vertex_api",
      "provider": "provider[\"registry.terraform.io/hashicorp/google\"]",
      "instances": [
        {
          "schema_version": 0,
          "attributes": {
            "disable_dependent_services": null,
            "disable_on_destroy": false,
            "id": "cool-ship-415013/aiplatform.googleapis.com",
            "project": "cool-ship-415013",
            "service": "aiplatform.googleapis.com",
            "timeouts": null
          },
          "sensitive_attributes": [],
          "private": "eyJlMmJmYjczMC1lY2FhLTExZTYtOGY4OC0zNDM2M2JjN2M0YzAiOnsiY3JlYXRlIjoxMjAwMDAwMDAwMDAwLCJkZWxldGUiOjEyMDAwMDAwMDAwMDAsInJlYWQiOjYwMDAwMDAwMDAwMCwidXBkYXRlIjoxMjAwMDAwMDAwMDAwfX0="
        }
      ]
    },
    {
      "mode": "managed",
      "type": "google_storage_bucket",
      "name": "docs_bucket",
      "provider": "provider[\"registry.terraform.io/hashicorp/google\"]",
      "instances": [
        {
          "schema_version": 2,
          "attributes": {
            "autoclass": [],
            "cors": [],
            "custom_placement_config": [],
            "default_event_based_hold": false,
            "effective_labels": {},
            "enable_object_retention": false,
            "encryption": [],
            "force_destroy": true,
            "id": "autolub-docs-cool-ship-415013-e70bc92c",
            "labels": null,
            "lifecycle_rule": [],
            "location": "SOUTHAMERICA-EAST1",
            "logging": [],
            "name": "autolub-docs-cool-ship-415013-e70bc92c",
            "project": "cool-ship-415013",
            "project_number": 579724063812,
            "public_access_prevention": "inherited",
            "requester_pays": false,
            "retention_policy": [],
            "rpo": null,
            "self_link": "https://www.googleapis.com/storage/v1/b/autolub-docs-cool-ship-415013-e70bc92c",
            "soft_delete_policy": [
              {
                "effective_time": "2026-09-10T17:50:17.738Z",
                "retention_duration_seconds": 604800
              }
            ],
            "storage_class": "STANDARD",
            "terraform_labels": {},
            "timeouts": null,
            "uniform_bucket_level_access": true,
            "url": "gs://autolub-docs-cool-ship-415013-e70bc92c",
            "versioning": [],
            "website": []
          },
          "sensitive_attributes": [],
          "private": "eyJlMmJmYjczMC1lY2FhLTExZTYtOGY4OC0zNDM2M2JjN2M0YzAiOnsiY3JlYXRlIjo2MDAwMDAwMDAwMDAsInJlYWQiOjI0MDAwMDAwMDAwMCwidXBkYXRlIjoyNDAwMDAwMDAwMDB9LCJzY2hlbWFfdmVyc2lvbiI6IjIifQ==",
          "dependencies": [
            "random_id.bucket_suffix"
          ]
        }
      ]
    },
    {
      "mode": "managed",
      "type": "null_resource",
      "name": "docker_build",
      "provider": "provider[\"registry.terraform.io/hashicorp/null\"]",
      "instances": [
        {
          "schema_version": 0,
          "attributes": {
            "id": "2078397301186985490",
            "triggers": {
              "always_run": "2026-09-10T17:50:16Z"
            }
          },
          "sensitive_attributes": [],
          "dependencies": [
            "google_artifact_registry_repository.repo",
            "google_project_service.artifactregistry_api"
          ]
        }
      ]
    },
    {
      "mode": "managed",
      "type": "random_id",
      "name": "bucket_suffix",
      "provider": "provider[\"registry.terraform.io/hashicorp/random\"]",
      "instances": [
        {
          "schema_version": 0,
          "attributes": {
            "b64_std": "5wvJLA==",
            "b64_url": "5wvJLA",
            "byte_length": 4,
            "dec": "3876309292",
            "hex": "e70bc92c",
            "id": "5wvJLA",
            "keepers": null,
            "prefix": null
          },
          "sensitive_attributes": []
        }
      ]
    }
  ],
  "check_results": null
}
